
Microsoft Visual Studio Solution File, Format Version 12.00
# Visual Studio Express 2012 for Windows Desktop
Project("{FAE04EC0-301F-11D3-BF4B-00C04F79EFBC}") = "01.HelloMethod", "01.HelloMethod\01.HelloMethod.csproj", "{86D3BF19-7900-401C-A1BF-71C503698199}"
EndProject
Project("{FAE04EC0-301F-11D3-BF4B-00C04F79EFBC}") = "02.GetMaxMethod", "02.GetMaxMethod\02.GetMaxMethod.csproj", "{4D869B14-78AA-4197-B5AE-5B49A99FD561}"
EndProject
Project("{FAE04EC0-301F-11D3-BF4B-00C04F79EFBC}") = "03.LastDigit", "03.LastDigit\03.LastDigit.csproj", "{D1E765FF-23F0-4144-8A22-C17B99FDFECA}"
EndProject
Project("{FAE04EC0-301F-11D3-BF4B-00C04F79EFBC}") = "04.NumberFrequency", "04.NumberFrequency\04.NumberFrequency.csproj", "{29E19E8E-E7E3-47B7-8020-F652B5BE076A}"
EndProject
Project("{FAE04EC0-301F-11D3-BF4B-00C04F79EFBC}") = "05.CompareNeighbours", "05.CompareNeighbours\05.CompareNeighbours.csproj", "{620329CB-F217-40B7-99BE-2CEFF322F5ED}"
EndProject
Project("{FAE04EC0-301F-11D3-BF4B-00C04F79EFBC}") = "06.FirstElement", "06.FirstElement\06.FirstElement.csproj", "{A95B0891-318B-4774-BA16-07C8744B5303}"
EndProject
Project("{FAE04EC0-301F-11D3-BF4B-00C04F79EFBC}") = "07.ReversedDigits", "07.ReversedDigits\07.ReversedDigits.csproj", "{2275EC70-3CFB-45B4-A826-57B8B8BB478E}"
EndProject
Project("{FAE04EC0-301F-11D3-BF4B-00C04F79EFBC}") = "08.AddArraysMethod", "08.AddArraysMethod\08.AddArraysMethod.csproj", "{15FF107D-253E-4876-8A68-292BED666C59}"
EndProject
Project("{FAE04EC0-301F-11D3-BF4B-00C04F79EFBC}") = "09.MaximalElement", "09.MaximalElement\09.MaximalElement.csproj", "{05DFD8C3-7C58-4091-B9BE-8437D58790BD}"
EndProject
Project("{FAE04EC0-301F-11D3-BF4B-00C04F79EFBC}") = "10.Factorial", "10.Factorial\10.Factorial.csproj", "{6EB9B5AA-8FFB-4191-BE12-EA5B729E7F65}"
EndProject
Project("{FAE04EC0-301F-11D3-BF4B-00C04F79EFBC}") = "11.Polinomials", "11.Polinomials\11.Polinomials.csproj", "{FD37A5E7-605B-496E-9471-9DBB94F7F501}"
EndProject
Project("{FAE04EC0-301F-11D3-BF4B-00C04F79EFBC}") = "12.PolinomialsExtended", "12.PolinomialsExtended\12.PolinomialsExtended.csproj", "{1301B5A3-968A-4740-AD44-044D57F8CE63}"
EndProject
Project("{FAE04EC0-301F-11D3-BF4B-00C04F79EFBC}") = "13.MultiTask", "13.MultiTask\13.MultiTask.csproj", "{B25E7D95-0909-4C20-9D65-A289FD326EBF}"
EndProject
Global
	GlobalSection(SolutionConfigurationPlatforms) = preSolution
		Debug|Any CPU = Debug|Any CPU
		Release|Any CPU = Release|Any CPU
	EndGlobalSection
	GlobalSection(ProjectConfigurationPlatforms) = postSolution
		{86D3BF19-7900-401C-A1BF-71C503698199}.Debug|Any CPU.ActiveCfg = Debug|Any CPU
		{86D3BF19-7900-401C-A1BF-71C503698199}.Debug|Any CPU.Build.0 = Debug|Any CPU
		{86D3BF19-7900-401C-A1BF-71C503698199}.Release|Any CPU.ActiveCfg = Release|Any CPU
		{86D3BF19-7900-401C-A1BF-71C503698199}.Release|Any CPU.Build.0 = Release|Any CPU
		{4D869B14-78AA-4197-B5AE-5B49A99FD561}.Debug|Any CPU.ActiveCfg = Debug|Any CPU
		{4D869B14-78AA-4197-B5AE-5B49A99FD561}.Debug|Any CPU.Build.0 = Debug|Any CPU
		{4D869B14-78AA-4197-B5AE-5B49A99FD561}.Release|Any CPU.ActiveCfg = Release|Any CPU
		{4D869B14-78AA-4197-B5AE-5B49A99FD561}.Release|Any CPU.Build.0 = Release|Any CPU
		{D1E765FF-23F0-4144-8A22-C17B99FDFECA}.Debug|Any CPU.ActiveCfg = Debug|Any CPU
		{D1E765FF-23F0-4144-8A22-C17B99FDFECA}.Debug|Any CPU.Build.0 = Debug|Any CPU
		{D1E765FF-23F0-4144-8A22-C17B99FDFECA}.Release|Any CPU.ActiveCfg = Release|Any CPU
		{D1E765FF-23F0-4144-8A22-C17B99FDFECA}.Release|Any CPU.Build.0 = Release|Any CPU
		{29E19E8E-E7E3-47B7-8020-F652B5BE076A}.Debug|Any CPU.ActiveCfg = Debug|Any CPU
		{29E19E8E-E7E3-47B7-8020-F652B5BE076A}.Debug|Any CPU.Build.0 = Debug|Any CPU
		{29E19E8E-E7E3-47B7-8020-F652B5BE076A}.Release|Any CPU.ActiveCfg = Release|Any CPU
		{29E19E8E-E7E3-47B7-8020-F652B5BE076A}.Release|Any CPU.Build.0 = Release|Any CPU
		{620329CB-F217-40B7-99BE-2CEFF322F5ED}.Debug|Any CPU.ActiveCfg = Debug|Any CPU
		{620329CB-F217-40B7-99BE-2CEFF322F5ED}.Debug|Any CPU.Build.0 = Debug|Any CPU
		{620329CB-F217-40B7-99BE-2CEFF322F5ED}.Release|Any CPU.ActiveCfg = Release|Any CPU
		{620329CB-F217-40B7-99BE-2CEFF322F5ED}.Release|Any CPU.Build.0 = Release|Any CPU
		{A95B0891-318B-4774-BA16-07C8744B5303}.Debug|Any CPU.ActiveCfg = Debug|Any CPU
		{A95B0891-318B-4774-BA16-07C8744B5303}.Debug|Any CPU.Build.0 = Debug|Any CPU
		{A95B0891-318B-4774-BA16-07C8744B5303}.Release|Any CPU.ActiveCfg = Release|Any CPU
		{A95B0891-318B-4774-BA16-07C8744B5303}.Release|Any CPU.Build.0 = Release|Any CPU
		{2275EC70-3CFB-45B4-A826-57B8B8BB478E}.Debug|Any CPU.ActiveCfg = Debug|Any CPU
		{2275EC70-3CFB-45B4-A826-57B8B8BB478E}.Debug|Any CPU.Build.0 = Debug|Any CPU
		{2275EC70-3CFB-45B4-A826-57B8B8BB478E}.Release|Any CPU.ActiveCfg = Release|Any CPU
		{2275EC70-3CFB-45B4-A826-57B8B8BB478E}.Release|Any CPU.Build.0 = Release|Any CPU
		{15FF107D-253E-4876-8A68-292BED666C59}.Debug|Any CPU.ActiveCfg = Debug|Any CPU
		{15FF107D-253E-4876-8A68-292BED666C59}.Debug|Any CPU.Build.0 = Debug|Any CPU
		{15FF107D-253E-4876-8A68-292BED666C59}.Release|Any CPU.ActiveCfg = Release|Any CPU
		{15FF107D-253E-4876-8A68-292BED666C59}.Release|Any CPU.Build.0 = Release|Any CPU
		{05DFD8C3-7C58-4091-B9BE-8437D58790BD}.Debug|Any CPU.ActiveCfg = Debug|Any CPU
		{05DFD8C3-7C58-4091-B9BE-8437D58790BD}.Debug|Any CPU.Build.0 = Debug|Any CPU
		{05DFD8C3-7C58-4091-B9BE-8437D58790BD}.Release|Any CPU.ActiveCfg = Release|Any CPU
		{05DFD8C3-7C58-4091-B9BE-8437D58790BD}.Release|Any CPU.Build.0 = Release|Any CPU
		{6EB9B5AA-8FFB-4191-BE12-EA5B729E7F65}.Debug|Any CPU.ActiveCfg = Debug|Any CPU
		{6EB9B5AA-8FFB-4191-BE12-EA5B729E7F65}.Debug|Any CPU.Build.0 = Debug|Any CPU
		{6EB9B5AA-8FFB-4191-BE12-EA5B729E7F65}.Release|Any CPU.ActiveCfg = Release|Any CPU
		{6EB9B5AA-8FFB-4191-BE12-EA5B729E7F65}.Release|Any CPU.Build.0 = Release|Any CPU
		{FD37A5E7-605B-496E-9471-9DBB94F7F501}.Debug|Any CPU.ActiveCfg = Debug|Any CPU
		{FD37A5E7-605B-496E-9471-9DBB94F7F501}.Debug|Any CPU.Build.0 = Debug|Any CPU
		{FD37A5E7-605B-496E-9471-9DBB94F7F501}.Release|Any CPU.ActiveCfg = Release|Any CPU
		{FD37A5E7-605B-496E-9471-9DBB94F7F501}.Release|Any CPU.Build.0 = Release|Any CPU
		{1301B5A3-968A-4740-AD44-044D57F8CE63}.Debug|Any CPU.ActiveCfg = Debug|Any CPU
		{1301B5A3-968A-4740-AD44-044D57F8CE63}.Debug|Any CPU.Build.0 = Debug|Any CPU
		{1301B5A3-968A-4740-AD44-044D57F8CE63}.Release|Any CPU.ActiveCfg = Release|Any CPU
		{1301B5A3-968A-4740-AD44-044D57F8CE63}.Release|Any CPU.Build.0 = Release|Any CPU
		{B25E7D95-0909-4C20-9D65-A289FD326EBF}.Debug|Any CPU.ActiveCfg = Debug|Any CPU
		{B25E7D95-0909-4C20-9D65-A289FD326EBF}.Debug|Any CPU.Build.0 = Debug|Any CPU
		{B25E7D95-0909-4C20-9D65-A289FD326EBF}.Release|Any CPU.ActiveCfg = Release|Any CPU
		{B25E7D95-0909-4C20-9D65-A289FD326EBF}.Release|Any CPU.Build.0 = Release|Any CPU
	EndGlobalSection
	GlobalSection(SolutionProperties) = preSolution
		HideSolutionNode = FALSE
	EndGlobalSection
EndGlobal
