
Microsoft Visual Studio Solution File, Format Version 12.00
# Visual Studio Express 2012 for Windows Desktop
Project("{FAE04EC0-301F-11D3-BF4B-00C04F79EFBC}") = "01.MultiverseCommunication", "01.MultiverseCommunication\01.MultiverseCommunication.csproj", "{4A9114B3-A5CB-42E2-BDC0-A1A7A6A1EE03}"
EndProject
Project("{FAE04EC0-301F-11D3-BF4B-00C04F79EFBC}") = "02.MagicWords", "02.MagicWords\02.MagicWords.csproj", "{0E247CA0-68B2-4F9D-83C0-157199DB181A}"
EndProject
Project("{FAE04EC0-301F-11D3-BF4B-00C04F79EFBC}") = "04.DecodeAndDecrypt", "04.DecodeAndDecrypt\04.DecodeAndDecrypt.csproj", "{FFC0F4AF-EA83-48C6-9248-0B1527D30B9F}"
EndProject
Project("{FAE04EC0-301F-11D3-BF4B-00C04F79EFBC}") = "05.FeaturingWithGrisko", "05.FeaturingWithGisko\05.FeaturingWithGrisko.csproj", "{A0C8F11A-0D0C-4D18-986B-88B9306E024B}"
EndProject
Project("{FAE04EC0-301F-11D3-BF4B-00C04F79EFBC}") = "03.Tron3D", "03.Tron3D\03.Tron3D.csproj", "{12BE141E-3F2D-4B5D-8650-37D4C2F74408}"
EndProject
Global
	GlobalSection(SolutionConfigurationPlatforms) = preSolution
		Debug|Any CPU = Debug|Any CPU
		Release|Any CPU = Release|Any CPU
	EndGlobalSection
	GlobalSection(ProjectConfigurationPlatforms) = postSolution
		{4A9114B3-A5CB-42E2-BDC0-A1A7A6A1EE03}.Debug|Any CPU.ActiveCfg = Debug|Any CPU
		{4A9114B3-A5CB-42E2-BDC0-A1A7A6A1EE03}.Debug|Any CPU.Build.0 = Debug|Any CPU
		{4A9114B3-A5CB-42E2-BDC0-A1A7A6A1EE03}.Release|Any CPU.ActiveCfg = Release|Any CPU
		{4A9114B3-A5CB-42E2-BDC0-A1A7A6A1EE03}.Release|Any CPU.Build.0 = Release|Any CPU
		{0E247CA0-68B2-4F9D-83C0-157199DB181A}.Debug|Any CPU.ActiveCfg = Debug|Any CPU
		{0E247CA0-68B2-4F9D-83C0-157199DB181A}.Debug|Any CPU.Build.0 = Debug|Any CPU
		{0E247CA0-68B2-4F9D-83C0-157199DB181A}.Release|Any CPU.ActiveCfg = Release|Any CPU
		{0E247CA0-68B2-4F9D-83C0-157199DB181A}.Release|Any CPU.Build.0 = Release|Any CPU
		{FFC0F4AF-EA83-48C6-9248-0B1527D30B9F}.Debug|Any CPU.ActiveCfg = Debug|Any CPU
		{FFC0F4AF-EA83-48C6-9248-0B1527D30B9F}.Debug|Any CPU.Build.0 = Debug|Any CPU
		{FFC0F4AF-EA83-48C6-9248-0B1527D30B9F}.Release|Any CPU.ActiveCfg = Release|Any CPU
		{FFC0F4AF-EA83-48C6-9248-0B1527D30B9F}.Release|Any CPU.Build.0 = Release|Any CPU
		{A0C8F11A-0D0C-4D18-986B-88B9306E024B}.Debug|Any CPU.ActiveCfg = Debug|Any CPU
		{A0C8F11A-0D0C-4D18-986B-88B9306E024B}.Debug|Any CPU.Build.0 = Debug|Any CPU
		{A0C8F11A-0D0C-4D18-986B-88B9306E024B}.Release|Any CPU.ActiveCfg = Release|Any CPU
		{A0C8F11A-0D0C-4D18-986B-88B9306E024B}.Release|Any CPU.Build.0 = Release|Any CPU
		{12BE141E-3F2D-4B5D-8650-37D4C2F74408}.Debug|Any CPU.ActiveCfg = Debug|Any CPU
		{12BE141E-3F2D-4B5D-8650-37D4C2F74408}.Debug|Any CPU.Build.0 = Debug|Any CPU
		{12BE141E-3F2D-4B5D-8650-37D4C2F74408}.Release|Any CPU.ActiveCfg = Release|Any CPU
		{12BE141E-3F2D-4B5D-8650-37D4C2F74408}.Release|Any CPU.Build.0 = Release|Any CPU
	EndGlobalSection
	GlobalSection(SolutionProperties) = preSolution
		HideSolutionNode = FALSE
	EndGlobalSection
EndGlobal
