
Microsoft Visual Studio Solution File, Format Version 12.00
# Visual Studio Express 2012 for Windows Desktop
Project("{FAE04EC0-301F-11D3-BF4B-00C04F79EFBC}") = "01.PrintNumbers", "01.PrintNumbers\01.PrintNumbers.csproj", "{7382A3E9-3B28-4C2B-9040-2167BEFD37C0}"
EndProject
Project("{FAE04EC0-301F-11D3-BF4B-00C04F79EFBC}") = "02.PrintCertainNumbers", "02.PrintCertainNumbers\02.PrintCertainNumbers.csproj", "{02C068E5-1DCA-4241-9759-A08FC825A947}"
EndProject
Project("{FAE04EC0-301F-11D3-BF4B-00C04F79EFBC}") = "03.ReturnMinMax", "03.ReturnMinMax\03.ReturnMinMax.csproj", "{BB5B4E0B-3DC8-4BC4-A812-E7F5434D0398}"
EndProject
Project("{FAE04EC0-301F-11D3-BF4B-00C04F79EFBC}") = "04.DivideFactorials", "04.DivideFactorials\04.DivideFactorials.csproj", "{B543DB4D-33FB-4470-A61C-8E608B864AF0}"
EndProject
Project("{FAE04EC0-301F-11D3-BF4B-00C04F79EFBC}") = "05.CalculateFactorials", "05.CalculateFactorials\05.CalculateFactorials.csproj", "{9A20A811-F972-4A51-B1F8-6822508B3D00}"
EndProject
Project("{FAE04EC0-301F-11D3-BF4B-00C04F79EFBC}") = "06.CalculateSum", "06.CalculateSum\06.CalculateSum.csproj", "{E965CF04-30F5-4D10-91FD-CE4CDC873EFD}"
EndProject
Project("{FAE04EC0-301F-11D3-BF4B-00C04F79EFBC}") = "07.FibonacciSum", "07.FibonacciSum\07.FibonacciSum.csproj", "{46A65B5C-0F22-4D5F-9416-198BB8922966}"
EndProject
Project("{FAE04EC0-301F-11D3-BF4B-00C04F79EFBC}") = "08.GreatestCommonDivisor", "08.GreatestCommonDivisor\08.GreatestCommonDivisor.csproj", "{9ADA0611-71A6-445E-9C08-070AAD7BBA2B}"
EndProject
Project("{FAE04EC0-301F-11D3-BF4B-00C04F79EFBC}") = "09.CalculateCatalanNumber", "09.CalculateCatalanNumber\09.CalculateCatalanNumber.csproj", "{29F09D2D-56A2-479A-9324-EAA1D723400C}"
EndProject
Project("{FAE04EC0-301F-11D3-BF4B-00C04F79EFBC}") = "10.PlayingCards", "10.PlayingCards\10.PlayingCards.csproj", "{48310E33-6CA3-4B7D-9B3F-D84DF87CFA62}"
EndProject
Project("{FAE04EC0-301F-11D3-BF4B-00C04F79EFBC}") = "11.OutputMatrix", "11.OutputMatrix\11.OutputMatrix.csproj", "{DF8A4212-95A3-4025-854A-4056D05C5B1E}"
EndProject
Project("{FAE04EC0-301F-11D3-BF4B-00C04F79EFBC}") = "12.TrailingZeroes", "12.TrailingZeroes\12.TrailingZeroes.csproj", "{6B7A536D-256E-40B0-9710-84AF10D3C0AF}"
EndProject
Project("{FAE04EC0-301F-11D3-BF4B-00C04F79EFBC}") = "13.ArrangeSpiral", "13.ArrangeSpiral\13.ArrangeSpiral.csproj", "{B3B6C051-A930-4805-829A-DF4C20E6AA1A}"
EndProject
Global
	GlobalSection(SolutionConfigurationPlatforms) = preSolution
		Debug|Any CPU = Debug|Any CPU
		Release|Any CPU = Release|Any CPU
	EndGlobalSection
	GlobalSection(ProjectConfigurationPlatforms) = postSolution
		{7382A3E9-3B28-4C2B-9040-2167BEFD37C0}.Debug|Any CPU.ActiveCfg = Debug|Any CPU
		{7382A3E9-3B28-4C2B-9040-2167BEFD37C0}.Debug|Any CPU.Build.0 = Debug|Any CPU
		{7382A3E9-3B28-4C2B-9040-2167BEFD37C0}.Release|Any CPU.ActiveCfg = Release|Any CPU
		{7382A3E9-3B28-4C2B-9040-2167BEFD37C0}.Release|Any CPU.Build.0 = Release|Any CPU
		{02C068E5-1DCA-4241-9759-A08FC825A947}.Debug|Any CPU.ActiveCfg = Debug|Any CPU
		{02C068E5-1DCA-4241-9759-A08FC825A947}.Debug|Any CPU.Build.0 = Debug|Any CPU
		{02C068E5-1DCA-4241-9759-A08FC825A947}.Release|Any CPU.ActiveCfg = Release|Any CPU
		{02C068E5-1DCA-4241-9759-A08FC825A947}.Release|Any CPU.Build.0 = Release|Any CPU
		{BB5B4E0B-3DC8-4BC4-A812-E7F5434D0398}.Debug|Any CPU.ActiveCfg = Debug|Any CPU
		{BB5B4E0B-3DC8-4BC4-A812-E7F5434D0398}.Debug|Any CPU.Build.0 = Debug|Any CPU
		{BB5B4E0B-3DC8-4BC4-A812-E7F5434D0398}.Release|Any CPU.ActiveCfg = Release|Any CPU
		{BB5B4E0B-3DC8-4BC4-A812-E7F5434D0398}.Release|Any CPU.Build.0 = Release|Any CPU
		{B543DB4D-33FB-4470-A61C-8E608B864AF0}.Debug|Any CPU.ActiveCfg = Debug|Any CPU
		{B543DB4D-33FB-4470-A61C-8E608B864AF0}.Debug|Any CPU.Build.0 = Debug|Any CPU
		{B543DB4D-33FB-4470-A61C-8E608B864AF0}.Release|Any CPU.ActiveCfg = Release|Any CPU
		{B543DB4D-33FB-4470-A61C-8E608B864AF0}.Release|Any CPU.Build.0 = Release|Any CPU
		{9A20A811-F972-4A51-B1F8-6822508B3D00}.Debug|Any CPU.ActiveCfg = Debug|Any CPU
		{9A20A811-F972-4A51-B1F8-6822508B3D00}.Debug|Any CPU.Build.0 = Debug|Any CPU
		{9A20A811-F972-4A51-B1F8-6822508B3D00}.Release|Any CPU.ActiveCfg = Release|Any CPU
		{9A20A811-F972-4A51-B1F8-6822508B3D00}.Release|Any CPU.Build.0 = Release|Any CPU
		{E965CF04-30F5-4D10-91FD-CE4CDC873EFD}.Debug|Any CPU.ActiveCfg = Debug|Any CPU
		{E965CF04-30F5-4D10-91FD-CE4CDC873EFD}.Debug|Any CPU.Build.0 = Debug|Any CPU
		{E965CF04-30F5-4D10-91FD-CE4CDC873EFD}.Release|Any CPU.ActiveCfg = Release|Any CPU
		{E965CF04-30F5-4D10-91FD-CE4CDC873EFD}.Release|Any CPU.Build.0 = Release|Any CPU
		{46A65B5C-0F22-4D5F-9416-198BB8922966}.Debug|Any CPU.ActiveCfg = Debug|Any CPU
		{46A65B5C-0F22-4D5F-9416-198BB8922966}.Debug|Any CPU.Build.0 = Debug|Any CPU
		{46A65B5C-0F22-4D5F-9416-198BB8922966}.Release|Any CPU.ActiveCfg = Release|Any CPU
		{46A65B5C-0F22-4D5F-9416-198BB8922966}.Release|Any CPU.Build.0 = Release|Any CPU
		{9ADA0611-71A6-445E-9C08-070AAD7BBA2B}.Debug|Any CPU.ActiveCfg = Debug|Any CPU
		{9ADA0611-71A6-445E-9C08-070AAD7BBA2B}.Debug|Any CPU.Build.0 = Debug|Any CPU
		{9ADA0611-71A6-445E-9C08-070AAD7BBA2B}.Release|Any CPU.ActiveCfg = Release|Any CPU
		{9ADA0611-71A6-445E-9C08-070AAD7BBA2B}.Release|Any CPU.Build.0 = Release|Any CPU
		{29F09D2D-56A2-479A-9324-EAA1D723400C}.Debug|Any CPU.ActiveCfg = Debug|Any CPU
		{29F09D2D-56A2-479A-9324-EAA1D723400C}.Debug|Any CPU.Build.0 = Debug|Any CPU
		{29F09D2D-56A2-479A-9324-EAA1D723400C}.Release|Any CPU.ActiveCfg = Release|Any CPU
		{29F09D2D-56A2-479A-9324-EAA1D723400C}.Release|Any CPU.Build.0 = Release|Any CPU
		{48310E33-6CA3-4B7D-9B3F-D84DF87CFA62}.Debug|Any CPU.ActiveCfg = Debug|Any CPU
		{48310E33-6CA3-4B7D-9B3F-D84DF87CFA62}.Debug|Any CPU.Build.0 = Debug|Any CPU
		{48310E33-6CA3-4B7D-9B3F-D84DF87CFA62}.Release|Any CPU.ActiveCfg = Release|Any CPU
		{48310E33-6CA3-4B7D-9B3F-D84DF87CFA62}.Release|Any CPU.Build.0 = Release|Any CPU
		{DF8A4212-95A3-4025-854A-4056D05C5B1E}.Debug|Any CPU.ActiveCfg = Debug|Any CPU
		{DF8A4212-95A3-4025-854A-4056D05C5B1E}.Debug|Any CPU.Build.0 = Debug|Any CPU
		{DF8A4212-95A3-4025-854A-4056D05C5B1E}.Release|Any CPU.ActiveCfg = Release|Any CPU
		{DF8A4212-95A3-4025-854A-4056D05C5B1E}.Release|Any CPU.Build.0 = Release|Any CPU
		{6B7A536D-256E-40B0-9710-84AF10D3C0AF}.Debug|Any CPU.ActiveCfg = Debug|Any CPU
		{6B7A536D-256E-40B0-9710-84AF10D3C0AF}.Debug|Any CPU.Build.0 = Debug|Any CPU
		{6B7A536D-256E-40B0-9710-84AF10D3C0AF}.Release|Any CPU.ActiveCfg = Release|Any CPU
		{6B7A536D-256E-40B0-9710-84AF10D3C0AF}.Release|Any CPU.Build.0 = Release|Any CPU
		{B3B6C051-A930-4805-829A-DF4C20E6AA1A}.Debug|Any CPU.ActiveCfg = Debug|Any CPU
		{B3B6C051-A930-4805-829A-DF4C20E6AA1A}.Debug|Any CPU.Build.0 = Debug|Any CPU
		{B3B6C051-A930-4805-829A-DF4C20E6AA1A}.Release|Any CPU.ActiveCfg = Release|Any CPU
		{B3B6C051-A930-4805-829A-DF4C20E6AA1A}.Release|Any CPU.Build.0 = Release|Any CPU
	EndGlobalSection
	GlobalSection(SolutionProperties) = preSolution
		HideSolutionNode = FALSE
	EndGlobalSection
EndGlobal
