
Microsoft Visual Studio Solution File, Format Version 12.00
# Visual Studio Express 2012 for Windows Desktop
Project("{FAE04EC0-301F-11D3-BF4B-00C04F79EFBC}") = "01.School", "01School\01.School.csproj", "{A2610F18-6598-463A-B026-0199B98D2E04}"
EndProject
Global
	GlobalSection(SolutionConfigurationPlatforms) = preSolution
		Debug|Any CPU = Debug|Any CPU
		Release|Any CPU = Release|Any CPU
	EndGlobalSection
	GlobalSection(ProjectConfigurationPlatforms) = postSolution
		{A2610F18-6598-463A-B026-0199B98D2E04}.Debug|Any CPU.ActiveCfg = Debug|Any CPU
		{A2610F18-6598-463A-B026-0199B98D2E04}.Debug|Any CPU.Build.0 = Debug|Any CPU
		{A2610F18-6598-463A-B026-0199B98D2E04}.Release|Any CPU.ActiveCfg = Release|Any CPU
		{A2610F18-6598-463A-B026-0199B98D2E04}.Release|Any CPU.Build.0 = Release|Any CPU
	EndGlobalSection
	GlobalSection(SolutionProperties) = preSolution
		HideSolutionNode = FALSE
	EndGlobalSection
EndGlobal
