
Microsoft Visual Studio Solution File, Format Version 12.00
# Visual Studio Express 2012 for Windows Desktop
Project("{FAE04EC0-301F-11D3-BF4B-00C04F79EFBC}") = "01.ReadAndPrintThreeIntegers", "01.ReadAndPrintThreeIntegers\01.ReadAndPrintThreeIntegers.csproj", "{E18DCD50-21D3-40EB-BEC6-039A80C42C73}"
EndProject
Project("{FAE04EC0-301F-11D3-BF4B-00C04F79EFBC}") = "02.CirclePerimeterArea", "02.CirclePerimeterArea\02.CirclePerimeterArea.csproj", "{387E525D-330E-49F2-B6E7-C008238A30DE}"
EndProject
Project("{FAE04EC0-301F-11D3-BF4B-00C04F79EFBC}") = "03.CompanyData", "03.CompanyData\03.CompanyData.csproj", "{992F31DF-8346-4008-BF3B-DB880AB8EE0F}"
EndProject
Project("{FAE04EC0-301F-11D3-BF4B-00C04F79EFBC}") = "04.FactorsOfFive", "04.FactorsOfFive\04.FactorsOfFive.csproj", "{BE59E3C4-95AC-4AE6-8DEE-BC194C18B2C6}"
EndProject
Project("{FAE04EC0-301F-11D3-BF4B-00C04F79EFBC}") = "05.GreaterNumber", "05.GreaterNumber\05.GreaterNumber.csproj", "{B4ECAB80-FB58-433C-88F6-33680BE3AE2D}"
EndProject
Project("{FAE04EC0-301F-11D3-BF4B-00C04F79EFBC}") = "06.Quadratic", "06.Quadratic\06.Quadratic.csproj", "{D7827868-30C5-4810-8AF5-C543AE6A1FF9}"
EndProject
Project("{FAE04EC0-301F-11D3-BF4B-00C04F79EFBC}") = "07.GetNNumbers", "07.GetNNumbers\07.GetNNumbers.csproj", "{410ECEC0-FDBA-4246-99A7-7B1AD4BD5998}"
EndProject
Project("{FAE04EC0-301F-11D3-BF4B-00C04F79EFBC}") = "08.PrintNumbers", "08.PrintNumbers\08.PrintNumbers.csproj", "{8FEEB044-4043-46EC-BE7D-6B5B23211EB0}"
EndProject
Project("{FAE04EC0-301F-11D3-BF4B-00C04F79EFBC}") = "09.Fibonacci100", "09.Fibonacci100\09.Fibonacci100.csproj", "{A46E712B-AB72-4FEE-9FC3-B0345E70EEEA}"
EndProject
Project("{FAE04EC0-301F-11D3-BF4B-00C04F79EFBC}") = "10.CalculateSum", "10.CalculateSum\10.CalculateSum.csproj", "{005BB22E-0627-495C-A113-7C8A44B645E1}"
EndProject
Project("{FAE04EC0-301F-11D3-BF4B-00C04F79EFBC}") = "11.JustStones", "11.JustStones\11.JustStones.csproj", "{8E264AFD-3219-42C0-9D46-2C473B4AC33E}"
EndProject
Global
	GlobalSection(SolutionConfigurationPlatforms) = preSolution
		Debug|Any CPU = Debug|Any CPU
		Debug|Mixed Platforms = Debug|Mixed Platforms
		Debug|x86 = Debug|x86
		Release|Any CPU = Release|Any CPU
		Release|Mixed Platforms = Release|Mixed Platforms
		Release|x86 = Release|x86
	EndGlobalSection
	GlobalSection(ProjectConfigurationPlatforms) = postSolution
		{E18DCD50-21D3-40EB-BEC6-039A80C42C73}.Debug|Any CPU.ActiveCfg = Debug|Any CPU
		{E18DCD50-21D3-40EB-BEC6-039A80C42C73}.Debug|Any CPU.Build.0 = Debug|Any CPU
		{E18DCD50-21D3-40EB-BEC6-039A80C42C73}.Debug|Mixed Platforms.ActiveCfg = Debug|Any CPU
		{E18DCD50-21D3-40EB-BEC6-039A80C42C73}.Debug|Mixed Platforms.Build.0 = Debug|Any CPU
		{E18DCD50-21D3-40EB-BEC6-039A80C42C73}.Debug|x86.ActiveCfg = Debug|Any CPU
		{E18DCD50-21D3-40EB-BEC6-039A80C42C73}.Release|Any CPU.ActiveCfg = Release|Any CPU
		{E18DCD50-21D3-40EB-BEC6-039A80C42C73}.Release|Any CPU.Build.0 = Release|Any CPU
		{E18DCD50-21D3-40EB-BEC6-039A80C42C73}.Release|Mixed Platforms.ActiveCfg = Release|Any CPU
		{E18DCD50-21D3-40EB-BEC6-039A80C42C73}.Release|Mixed Platforms.Build.0 = Release|Any CPU
		{E18DCD50-21D3-40EB-BEC6-039A80C42C73}.Release|x86.ActiveCfg = Release|Any CPU
		{387E525D-330E-49F2-B6E7-C008238A30DE}.Debug|Any CPU.ActiveCfg = Debug|Any CPU
		{387E525D-330E-49F2-B6E7-C008238A30DE}.Debug|Any CPU.Build.0 = Debug|Any CPU
		{387E525D-330E-49F2-B6E7-C008238A30DE}.Debug|Mixed Platforms.ActiveCfg = Debug|Any CPU
		{387E525D-330E-49F2-B6E7-C008238A30DE}.Debug|Mixed Platforms.Build.0 = Debug|Any CPU
		{387E525D-330E-49F2-B6E7-C008238A30DE}.Debug|x86.ActiveCfg = Debug|Any CPU
		{387E525D-330E-49F2-B6E7-C008238A30DE}.Release|Any CPU.ActiveCfg = Release|Any CPU
		{387E525D-330E-49F2-B6E7-C008238A30DE}.Release|Any CPU.Build.0 = Release|Any CPU
		{387E525D-330E-49F2-B6E7-C008238A30DE}.Release|Mixed Platforms.ActiveCfg = Release|Any CPU
		{387E525D-330E-49F2-B6E7-C008238A30DE}.Release|Mixed Platforms.Build.0 = Release|Any CPU
		{387E525D-330E-49F2-B6E7-C008238A30DE}.Release|x86.ActiveCfg = Release|Any CPU
		{992F31DF-8346-4008-BF3B-DB880AB8EE0F}.Debug|Any CPU.ActiveCfg = Debug|Any CPU
		{992F31DF-8346-4008-BF3B-DB880AB8EE0F}.Debug|Any CPU.Build.0 = Debug|Any CPU
		{992F31DF-8346-4008-BF3B-DB880AB8EE0F}.Debug|Mixed Platforms.ActiveCfg = Debug|Any CPU
		{992F31DF-8346-4008-BF3B-DB880AB8EE0F}.Debug|Mixed Platforms.Build.0 = Debug|Any CPU
		{992F31DF-8346-4008-BF3B-DB880AB8EE0F}.Debug|x86.ActiveCfg = Debug|Any CPU
		{992F31DF-8346-4008-BF3B-DB880AB8EE0F}.Release|Any CPU.ActiveCfg = Release|Any CPU
		{992F31DF-8346-4008-BF3B-DB880AB8EE0F}.Release|Any CPU.Build.0 = Release|Any CPU
		{992F31DF-8346-4008-BF3B-DB880AB8EE0F}.Release|Mixed Platforms.ActiveCfg = Release|Any CPU
		{992F31DF-8346-4008-BF3B-DB880AB8EE0F}.Release|Mixed Platforms.Build.0 = Release|Any CPU
		{992F31DF-8346-4008-BF3B-DB880AB8EE0F}.Release|x86.ActiveCfg = Release|Any CPU
		{BE59E3C4-95AC-4AE6-8DEE-BC194C18B2C6}.Debug|Any CPU.ActiveCfg = Debug|Any CPU
		{BE59E3C4-95AC-4AE6-8DEE-BC194C18B2C6}.Debug|Any CPU.Build.0 = Debug|Any CPU
		{BE59E3C4-95AC-4AE6-8DEE-BC194C18B2C6}.Debug|Mixed Platforms.ActiveCfg = Debug|Any CPU
		{BE59E3C4-95AC-4AE6-8DEE-BC194C18B2C6}.Debug|Mixed Platforms.Build.0 = Debug|Any CPU
		{BE59E3C4-95AC-4AE6-8DEE-BC194C18B2C6}.Debug|x86.ActiveCfg = Debug|Any CPU
		{BE59E3C4-95AC-4AE6-8DEE-BC194C18B2C6}.Release|Any CPU.ActiveCfg = Release|Any CPU
		{BE59E3C4-95AC-4AE6-8DEE-BC194C18B2C6}.Release|Any CPU.Build.0 = Release|Any CPU
		{BE59E3C4-95AC-4AE6-8DEE-BC194C18B2C6}.Release|Mixed Platforms.ActiveCfg = Release|Any CPU
		{BE59E3C4-95AC-4AE6-8DEE-BC194C18B2C6}.Release|Mixed Platforms.Build.0 = Release|Any CPU
		{BE59E3C4-95AC-4AE6-8DEE-BC194C18B2C6}.Release|x86.ActiveCfg = Release|Any CPU
		{B4ECAB80-FB58-433C-88F6-33680BE3AE2D}.Debug|Any CPU.ActiveCfg = Debug|Any CPU
		{B4ECAB80-FB58-433C-88F6-33680BE3AE2D}.Debug|Any CPU.Build.0 = Debug|Any CPU
		{B4ECAB80-FB58-433C-88F6-33680BE3AE2D}.Debug|Mixed Platforms.ActiveCfg = Debug|Any CPU
		{B4ECAB80-FB58-433C-88F6-33680BE3AE2D}.Debug|Mixed Platforms.Build.0 = Debug|Any CPU
		{B4ECAB80-FB58-433C-88F6-33680BE3AE2D}.Debug|x86.ActiveCfg = Debug|Any CPU
		{B4ECAB80-FB58-433C-88F6-33680BE3AE2D}.Release|Any CPU.ActiveCfg = Release|Any CPU
		{B4ECAB80-FB58-433C-88F6-33680BE3AE2D}.Release|Any CPU.Build.0 = Release|Any CPU
		{B4ECAB80-FB58-433C-88F6-33680BE3AE2D}.Release|Mixed Platforms.ActiveCfg = Release|Any CPU
		{B4ECAB80-FB58-433C-88F6-33680BE3AE2D}.Release|Mixed Platforms.Build.0 = Release|Any CPU
		{B4ECAB80-FB58-433C-88F6-33680BE3AE2D}.Release|x86.ActiveCfg = Release|Any CPU
		{D7827868-30C5-4810-8AF5-C543AE6A1FF9}.Debug|Any CPU.ActiveCfg = Debug|Any CPU
		{D7827868-30C5-4810-8AF5-C543AE6A1FF9}.Debug|Any CPU.Build.0 = Debug|Any CPU
		{D7827868-30C5-4810-8AF5-C543AE6A1FF9}.Debug|Mixed Platforms.ActiveCfg = Debug|Any CPU
		{D7827868-30C5-4810-8AF5-C543AE6A1FF9}.Debug|Mixed Platforms.Build.0 = Debug|Any CPU
		{D7827868-30C5-4810-8AF5-C543AE6A1FF9}.Debug|x86.ActiveCfg = Debug|Any CPU
		{D7827868-30C5-4810-8AF5-C543AE6A1FF9}.Release|Any CPU.ActiveCfg = Release|Any CPU
		{D7827868-30C5-4810-8AF5-C543AE6A1FF9}.Release|Any CPU.Build.0 = Release|Any CPU
		{D7827868-30C5-4810-8AF5-C543AE6A1FF9}.Release|Mixed Platforms.ActiveCfg = Release|Any CPU
		{D7827868-30C5-4810-8AF5-C543AE6A1FF9}.Release|Mixed Platforms.Build.0 = Release|Any CPU
		{D7827868-30C5-4810-8AF5-C543AE6A1FF9}.Release|x86.ActiveCfg = Release|Any CPU
		{410ECEC0-FDBA-4246-99A7-7B1AD4BD5998}.Debug|Any CPU.ActiveCfg = Debug|Any CPU
		{410ECEC0-FDBA-4246-99A7-7B1AD4BD5998}.Debug|Any CPU.Build.0 = Debug|Any CPU
		{410ECEC0-FDBA-4246-99A7-7B1AD4BD5998}.Debug|Mixed Platforms.ActiveCfg = Debug|Any CPU
		{410ECEC0-FDBA-4246-99A7-7B1AD4BD5998}.Debug|Mixed Platforms.Build.0 = Debug|Any CPU
		{410ECEC0-FDBA-4246-99A7-7B1AD4BD5998}.Debug|x86.ActiveCfg = Debug|Any CPU
		{410ECEC0-FDBA-4246-99A7-7B1AD4BD5998}.Release|Any CPU.ActiveCfg = Release|Any CPU
		{410ECEC0-FDBA-4246-99A7-7B1AD4BD5998}.Release|Any CPU.Build.0 = Release|Any CPU
		{410ECEC0-FDBA-4246-99A7-7B1AD4BD5998}.Release|Mixed Platforms.ActiveCfg = Release|Any CPU
		{410ECEC0-FDBA-4246-99A7-7B1AD4BD5998}.Release|Mixed Platforms.Build.0 = Release|Any CPU
		{410ECEC0-FDBA-4246-99A7-7B1AD4BD5998}.Release|x86.ActiveCfg = Release|Any CPU
		{8FEEB044-4043-46EC-BE7D-6B5B23211EB0}.Debug|Any CPU.ActiveCfg = Debug|Any CPU
		{8FEEB044-4043-46EC-BE7D-6B5B23211EB0}.Debug|Any CPU.Build.0 = Debug|Any CPU
		{8FEEB044-4043-46EC-BE7D-6B5B23211EB0}.Debug|Mixed Platforms.ActiveCfg = Debug|Any CPU
		{8FEEB044-4043-46EC-BE7D-6B5B23211EB0}.Debug|Mixed Platforms.Build.0 = Debug|Any CPU
		{8FEEB044-4043-46EC-BE7D-6B5B23211EB0}.Debug|x86.ActiveCfg = Debug|Any CPU
		{8FEEB044-4043-46EC-BE7D-6B5B23211EB0}.Release|Any CPU.ActiveCfg = Release|Any CPU
		{8FEEB044-4043-46EC-BE7D-6B5B23211EB0}.Release|Any CPU.Build.0 = Release|Any CPU
		{8FEEB044-4043-46EC-BE7D-6B5B23211EB0}.Release|Mixed Platforms.ActiveCfg = Release|Any CPU
		{8FEEB044-4043-46EC-BE7D-6B5B23211EB0}.Release|Mixed Platforms.Build.0 = Release|Any CPU
		{8FEEB044-4043-46EC-BE7D-6B5B23211EB0}.Release|x86.ActiveCfg = Release|Any CPU
		{A46E712B-AB72-4FEE-9FC3-B0345E70EEEA}.Debug|Any CPU.ActiveCfg = Debug|Any CPU
		{A46E712B-AB72-4FEE-9FC3-B0345E70EEEA}.Debug|Any CPU.Build.0 = Debug|Any CPU
		{A46E712B-AB72-4FEE-9FC3-B0345E70EEEA}.Debug|Mixed Platforms.ActiveCfg = Debug|Any CPU
		{A46E712B-AB72-4FEE-9FC3-B0345E70EEEA}.Debug|Mixed Platforms.Build.0 = Debug|Any CPU
		{A46E712B-AB72-4FEE-9FC3-B0345E70EEEA}.Debug|x86.ActiveCfg = Debug|Any CPU
		{A46E712B-AB72-4FEE-9FC3-B0345E70EEEA}.Release|Any CPU.ActiveCfg = Release|Any CPU
		{A46E712B-AB72-4FEE-9FC3-B0345E70EEEA}.Release|Any CPU.Build.0 = Release|Any CPU
		{A46E712B-AB72-4FEE-9FC3-B0345E70EEEA}.Release|Mixed Platforms.ActiveCfg = Release|Any CPU
		{A46E712B-AB72-4FEE-9FC3-B0345E70EEEA}.Release|Mixed Platforms.Build.0 = Release|Any CPU
		{A46E712B-AB72-4FEE-9FC3-B0345E70EEEA}.Release|x86.ActiveCfg = Release|Any CPU
		{005BB22E-0627-495C-A113-7C8A44B645E1}.Debug|Any CPU.ActiveCfg = Debug|Any CPU
		{005BB22E-0627-495C-A113-7C8A44B645E1}.Debug|Any CPU.Build.0 = Debug|Any CPU
		{005BB22E-0627-495C-A113-7C8A44B645E1}.Debug|Mixed Platforms.ActiveCfg = Debug|Any CPU
		{005BB22E-0627-495C-A113-7C8A44B645E1}.Debug|Mixed Platforms.Build.0 = Debug|Any CPU
		{005BB22E-0627-495C-A113-7C8A44B645E1}.Debug|x86.ActiveCfg = Debug|Any CPU
		{005BB22E-0627-495C-A113-7C8A44B645E1}.Release|Any CPU.ActiveCfg = Release|Any CPU
		{005BB22E-0627-495C-A113-7C8A44B645E1}.Release|Any CPU.Build.0 = Release|Any CPU
		{005BB22E-0627-495C-A113-7C8A44B645E1}.Release|Mixed Platforms.ActiveCfg = Release|Any CPU
		{005BB22E-0627-495C-A113-7C8A44B645E1}.Release|Mixed Platforms.Build.0 = Release|Any CPU
		{005BB22E-0627-495C-A113-7C8A44B645E1}.Release|x86.ActiveCfg = Release|Any CPU
		{8E264AFD-3219-42C0-9D46-2C473B4AC33E}.Debug|Any CPU.ActiveCfg = Debug|Any CPU
		{8E264AFD-3219-42C0-9D46-2C473B4AC33E}.Debug|Any CPU.Build.0 = Debug|Any CPU
		{8E264AFD-3219-42C0-9D46-2C473B4AC33E}.Debug|Mixed Platforms.ActiveCfg = Debug|Any CPU
		{8E264AFD-3219-42C0-9D46-2C473B4AC33E}.Debug|Mixed Platforms.Build.0 = Debug|Any CPU
		{8E264AFD-3219-42C0-9D46-2C473B4AC33E}.Debug|x86.ActiveCfg = Debug|Any CPU
		{8E264AFD-3219-42C0-9D46-2C473B4AC33E}.Release|Any CPU.ActiveCfg = Release|Any CPU
		{8E264AFD-3219-42C0-9D46-2C473B4AC33E}.Release|Any CPU.Build.0 = Release|Any CPU
		{8E264AFD-3219-42C0-9D46-2C473B4AC33E}.Release|Mixed Platforms.ActiveCfg = Release|Any CPU
		{8E264AFD-3219-42C0-9D46-2C473B4AC33E}.Release|Mixed Platforms.Build.0 = Release|Any CPU
		{8E264AFD-3219-42C0-9D46-2C473B4AC33E}.Release|x86.ActiveCfg = Release|Any CPU
	EndGlobalSection
	GlobalSection(SolutionProperties) = preSolution
		HideSolutionNode = FALSE
	EndGlobalSection
EndGlobal
